
Microsoft Visual Studio Solution File, Format Version 12.00
# Visual Studio 15
VisualStudioVersion = 15.0.26730.12
MinimumVisualStudioVersion = 10.0.40219.1
Project("{FAE04EC0-301F-11D3-BF4B-00C04F79EFBC}") = "StudentList_For", "StudentList_For\StudentList_For.csproj", "{34658E2A-AD4B-41D1-9BDB-19C44A7C364B}"
EndProject
Global
	GlobalSection(SolutionConfigurationPlatforms) = preSolution
		Debug|Any CPU = Debug|Any CPU
		Release|Any CPU = Release|Any CPU
	EndGlobalSection
	GlobalSection(ProjectConfigurationPlatforms) = postSolution
		{34658E2A-AD4B-41D1-9BDB-19C44A7C364B}.Debug|Any CPU.ActiveCfg = Debug|Any CPU
		{34658E2A-AD4B-41D1-9BDB-19C44A7C364B}.Debug|Any CPU.Build.0 = Debug|Any CPU
		{34658E2A-AD4B-41D1-9BDB-19C44A7C364B}.Release|Any CPU.ActiveCfg = Release|Any CPU
		{34658E2A-AD4B-41D1-9BDB-19C44A7C364B}.Release|Any CPU.Build.0 = Release|Any CPU
	EndGlobalSection
	GlobalSection(SolutionProperties) = preSolution
		HideSolutionNode = FALSE
	EndGlobalSection
	GlobalSection(ExtensibilityGlobals) = postSolution
		SolutionGuid = {D266EE26-4BD8-4601-A9F4-A21B03AF1B7D}
	EndGlobalSection
EndGlobal
