
Microsoft Visual Studio Solution File, Format Version 12.00
# Visual Studio 15
VisualStudioVersion = 15.0.26403.0
MinimumVisualStudioVersion = 10.0.40219.1
Project("{FAE04EC0-301F-11D3-BF4B-00C04F79EFBC}") = "DoubleParse", "DoubleParse\DoubleParse.csproj", "{EF63D156-D417-48F0-83BB-2F4FA497F527}"
EndProject
Global
	GlobalSection(SolutionConfigurationPlatforms) = preSolution
		Debug|Any CPU = Debug|Any CPU
		Release|Any CPU = Release|Any CPU
	EndGlobalSection
	GlobalSection(ProjectConfigurationPlatforms) = postSolution
		{EF63D156-D417-48F0-83BB-2F4FA497F527}.Debug|Any CPU.ActiveCfg = Debug|Any CPU
		{EF63D156-D417-48F0-83BB-2F4FA497F527}.Debug|Any CPU.Build.0 = Debug|Any CPU
		{EF63D156-D417-48F0-83BB-2F4FA497F527}.Release|Any CPU.ActiveCfg = Release|Any CPU
		{EF63D156-D417-48F0-83BB-2F4FA497F527}.Release|Any CPU.Build.0 = Release|Any CPU
	EndGlobalSection
	GlobalSection(SolutionProperties) = preSolution
		HideSolutionNode = FALSE
	EndGlobalSection
EndGlobal
