
Microsoft Visual Studio Solution File, Format Version 12.00
# Visual Studio 15
VisualStudioVersion = 15.0.26403.0
MinimumVisualStudioVersion = 10.0.40219.1
Project("{FAE04EC0-301F-11D3-BF4B-00C04F79EFBC}") = "DoorLock", "DoorLock\DoorLock.csproj", "{CEEE865A-3AD3-4723-8695-B9A207DBF7B0}"
EndProject
Global
	GlobalSection(SolutionConfigurationPlatforms) = preSolution
		Debug|Any CPU = Debug|Any CPU
		Release|Any CPU = Release|Any CPU
	EndGlobalSection
	GlobalSection(ProjectConfigurationPlatforms) = postSolution
		{CEEE865A-3AD3-4723-8695-B9A207DBF7B0}.Debug|Any CPU.ActiveCfg = Debug|Any CPU
		{CEEE865A-3AD3-4723-8695-B9A207DBF7B0}.Debug|Any CPU.Build.0 = Debug|Any CPU
		{CEEE865A-3AD3-4723-8695-B9A207DBF7B0}.Release|Any CPU.ActiveCfg = Release|Any CPU
		{CEEE865A-3AD3-4723-8695-B9A207DBF7B0}.Release|Any CPU.Build.0 = Release|Any CPU
	EndGlobalSection
	GlobalSection(SolutionProperties) = preSolution
		HideSolutionNode = FALSE
	EndGlobalSection
EndGlobal
