
Microsoft Visual Studio Solution File, Format Version 12.00
# Visual Studio 15
VisualStudioVersion = 15.0.26730.12
MinimumVisualStudioVersion = 10.0.40219.1
Project("{FAE04EC0-301F-11D3-BF4B-00C04F79EFBC}") = "DoorLock_6Num_Random", "DoorLock_6Num_Random\DoorLock_6Num_Random.csproj", "{0CFAA095-5A33-48F8-A859-EC0E7547D772}"
EndProject
Global
	GlobalSection(SolutionConfigurationPlatforms) = preSolution
		Debug|Any CPU = Debug|Any CPU
		Release|Any CPU = Release|Any CPU
	EndGlobalSection
	GlobalSection(ProjectConfigurationPlatforms) = postSolution
		{0CFAA095-5A33-48F8-A859-EC0E7547D772}.Debug|Any CPU.ActiveCfg = Debug|Any CPU
		{0CFAA095-5A33-48F8-A859-EC0E7547D772}.Debug|Any CPU.Build.0 = Debug|Any CPU
		{0CFAA095-5A33-48F8-A859-EC0E7547D772}.Release|Any CPU.ActiveCfg = Release|Any CPU
		{0CFAA095-5A33-48F8-A859-EC0E7547D772}.Release|Any CPU.Build.0 = Release|Any CPU
	EndGlobalSection
	GlobalSection(SolutionProperties) = preSolution
		HideSolutionNode = FALSE
	EndGlobalSection
	GlobalSection(ExtensibilityGlobals) = postSolution
		SolutionGuid = {57376228-A889-42D0-BCE9-3BA1068E1C43}
	EndGlobalSection
EndGlobal
