
Microsoft Visual Studio Solution File, Format Version 12.00
# Visual Studio 15
VisualStudioVersion = 15.0.26403.0
MinimumVisualStudioVersion = 10.0.40219.1
Project("{FAE04EC0-301F-11D3-BF4B-00C04F79EFBC}") = "Calculator", "Calculator\Calculator.csproj", "{AF0CC729-2626-49B4-A9A7-66B8DE8B6396}"
EndProject
Global
	GlobalSection(SolutionConfigurationPlatforms) = preSolution
		Debug|Any CPU = Debug|Any CPU
		Release|Any CPU = Release|Any CPU
	EndGlobalSection
	GlobalSection(ProjectConfigurationPlatforms) = postSolution
		{AF0CC729-2626-49B4-A9A7-66B8DE8B6396}.Debug|Any CPU.ActiveCfg = Debug|Any CPU
		{AF0CC729-2626-49B4-A9A7-66B8DE8B6396}.Debug|Any CPU.Build.0 = Debug|Any CPU
		{AF0CC729-2626-49B4-A9A7-66B8DE8B6396}.Release|Any CPU.ActiveCfg = Release|Any CPU
		{AF0CC729-2626-49B4-A9A7-66B8DE8B6396}.Release|Any CPU.Build.0 = Release|Any CPU
	EndGlobalSection
	GlobalSection(SolutionProperties) = preSolution
		HideSolutionNode = FALSE
	EndGlobalSection
EndGlobal
